
Microsoft Visual Studio Solution File, Format Version 12.00
# Visual Studio Version 16
VisualStudioVersion = 16.0.31729.503
MinimumVisualStudioVersion = 10.0.40219.1
Project("{FAE04EC0-301F-11D3-BF4B-00C04F79EFBC}") = "AlexaNftTrending", "AlexaNftTrending.csproj", "{8249B8C5-DA0F-4F9F-87B9-0548542C1289}"
EndProject
Global
	GlobalSection(SolutionConfigurationPlatforms) = preSolution
		Debug|Any CPU = Debug|Any CPU
		Release|Any CPU = Release|Any CPU
	EndGlobalSection
	GlobalSection(ProjectConfigurationPlatforms) = postSolution
		{8249B8C5-DA0F-4F9F-87B9-0548542C1289}.Debug|Any CPU.ActiveCfg = Debug|Any CPU
		{8249B8C5-DA0F-4F9F-87B9-0548542C1289}.Debug|Any CPU.Build.0 = Debug|Any CPU
		{8249B8C5-DA0F-4F9F-87B9-0548542C1289}.Release|Any CPU.ActiveCfg = Release|Any CPU
		{8249B8C5-DA0F-4F9F-87B9-0548542C1289}.Release|Any CPU.Build.0 = Release|Any CPU
	EndGlobalSection
	GlobalSection(SolutionProperties) = preSolution
		HideSolutionNode = FALSE
	EndGlobalSection
	GlobalSection(ExtensibilityGlobals) = postSolution
		SolutionGuid = {D443C1E7-E55A-4ABE-89DA-9138B5574801}
	EndGlobalSection
EndGlobal
